{
    "_readme": [
        "This file locks the dependencies of your project to a known state",
        "Read more about it at https://getcomposer.org/doc/01-basic-usage.md#installing-dependencies",
        "This file is @generated automatically"
    ],
    "content-hash": "8e81f59c51e7bd8d59a1be960a564307",
    "packages": [
        {
            "name": "edwrodrig/qt_app_builder",
            "version": "dev-master",
            "source": {
                "type": "git",
                "url": "https://github.com/edwrodrig/qt_app_builder.git",
                "reference": "25dc89d73a281511e7dccfd5e49ae0d16d7957ea"
            },
            "dist": {
                "type": "zip",
                "url": "https://api.github.com/repos/edwrodrig/qt_app_builder/zipball/25dc89d73a281511e7dccfd5e49ae0d16d7957ea",
                "reference": "25dc89d73a281511e7dccfd5e49ae0d16d7957ea",
                "shasum": ""
            },
            "require": {
                "ext-json": "*",
                "php": "^7.2"
            },
            "require-dev": {
                "phpunit/phpunit": "^7.0"
            },
            "type": "library",
            "autoload": {
                "psr-4": {
                    "edwrodrig\\qt_app_builder\\": "src/"
                }
            },
            "notification-url": "https://packagist.org/downloads/",
            "license": [
                "MIT"
            ],
            "authors": [
                {
                    "name": "Edwin Rodríguez",
                    "email": "edwrodrig@gmail.com",
                    "homepage": "http://www.edwin.cl",
                    "role": "Developer"
                }
            ],
            "description": "Script to build and deploy Qt apps",
            "time": "2019-11-21T15:15:28+00:00"
        }
    ],
    "packages-dev": [],
    "aliases": [],
    "minimum-stability": "dev",
    "stability-flags": {
        "edwrodrig/qt_app_builder": 20
    },
    "prefer-stable": false,
    "prefer-lowest": false,
    "platform": {
        "php": "^7.2"
    },
    "platform-dev": []
}
